// !$*UTF8*$!
{
	archiveVersion = 1;
	classes = {
	};
	objectVersion = 46;
	objects = {

/* Begin PBXBuildFile section */
		7E0702981EEE060C00084A11 /* main.m in Sources */ = {isa = PBXBuildFile; fileRef = 7E0702971EEE060C00084A11 /* main.m */; };
		7E07029B1EEE060C00084A11 /* AppDelegate.m in Sources */ = {isa = PBXBuildFile; fileRef = 7E07029A1EEE060C00084A11 /* AppDelegate.m */; };
		7E07029E1EEE060C00084A11 /* ViewController.m in Sources */ = {isa = PBXBuildFile; fileRef = 7E07029D1EEE060C00084A11 /* ViewController.m */; };
		7E0702A11EEE060C00084A11 /* Main.storyboard in Resources */ = {isa = PBXBuildFile; fileRef = 7E07029F1EEE060C00084A11 /* Main.storyboard */; };
		7E0702A31EEE060C00084A11 /* Assets.xcassets in Resources */ = {isa = PBXBuildFile; fileRef = 7E0702A21EEE060C00084A11 /* Assets.xcassets */; };
		7E0702A61EEE060C00084A11 /* LaunchScreen.storyboard in Resources */ = {isa = PBXBuildFile; fileRef = 7E0702A41EEE060C00084A11 /* LaunchScreen.storyboard */; };
		7E0702B11EEE060C00084A11 /* ShadowTests.m in Sources */ = {isa = PBXBuildFile; fileRef = 7E0702B01EEE060C00084A11 /* ShadowTests.m */; };
		7E0702BC1EEE060C00084A11 /* ShadowUITests.m in Sources */ = {isa = PBXBuildFile; fileRef = 7E0702BB1EEE060C00084A11 /* ShadowUITests.m */; };
/* End PBXBuildFile section */

/* Begin PBXContainerItemProxy section */
		7E0702AD1EEE060C00084A11 /* PBXContainerItemProxy */ = {
			isa = PBXContainerItemProxy;
			containerPortal = 7E07028B1EEE060C00084A11 /* Project object */;
			proxyType = 1;
			remoteGlobalIDString = 7E0702921EEE060C00084A11;
			remoteInfo = Shadow;
		};
		7E0702B81EEE060C00084A11 /* PBXContainerItemProxy */ = {
			isa = PBXContainerItemProxy;
			containerPortal = 7E07028B1EEE060C00084A11 /* Project object */;
			proxyType = 1;
			remoteGlobalIDString = 7E0702921EEE060C00084A11;
			remoteInfo = Shadow;
		};
/* End PBXContainerItemProxy section */

/* Begin PBXFileReference section */
		7E0702931EEE060C00084A11 /* Shadow.app */ = {isa = PBXFileReference; explicitFileType = wrapper.application; includeInIndex = 0; path = Shadow.app; sourceTree = BUILT_PRODUCTS_DIR; };
		7E0702971EEE060C00084A11 /* main.m */ = {isa = PBXFileReference; lastKnownFileType = sourcecode.c.objc; path = main.m; sourceTree = "<group>"; };
		7E0702991EEE060C00084A11 /* AppDelegate.h */ = {isa = PBXFileReference; lastKnownFileType = sourcecode.c.h; path = AppDelegate.h; sourceTree = "<group>"; };
		7E07029A1EEE060C00084A11 /* AppDelegate.m */ = {isa = PBXFileReference; lastKnownFileType = sourcecode.c.objc; path = AppDelegate.m; sourceTree = "<group>"; };
		7E07029C1EEE060C00084A11 /* ViewController.h */ = {isa = PBXFileReference; lastKnownFileType = sourcecode.c.h; path = ViewController.h; sourceTree = "<group>"; };
		7E07029D1EEE060C00084A11 /* ViewController.m */ = {isa = PBXFileReference; lastKnownFileType = sourcecode.c.objc; path = ViewController.m; sourceTree = "<group>"; };
		7E0702A01EEE060C00084A11 /* Base */ = {isa = PBXFileReference; lastKnownFileType = file.storyboard; name = Base; path = Base.lproj/Main.storyboard; sourceTree = "<group>"; };
		7E0702A21EEE060C00084A11 /* Assets.xcassets */ = {isa = PBXFileReference; lastKnownFileType = folder.assetcatalog; path = Assets.xcassets; sourceTree = "<group>"; };
		7E0702A51EEE060C00084A11 /* Base */ = {isa = PBXFileReference; lastKnownFileType = file.storyboard; name = Base; path = Base.lproj/LaunchScreen.storyboard; sourceTree = "<group>"; };
		7E0702A71EEE060C00084A11 /* Info.plist */ = {isa = PBXFileReference; lastKnownFileType = text.plist.xml; path = Info.plist; sourceTree = "<group>"; };
		7E0702AC1EEE060C00084A11 /* ShadowTests.xctest */ = {isa = PBXFileReference; explicitFileType = wrapper.cfbundle; includeInIndex = 0; path = ShadowTests.xctest; sourceTree = BUILT_PRODUCTS_DIR; };
		7E0702B01EEE060C00084A11 /* ShadowTests.m */ = {isa = PBXFileReference; lastKnownFileType = sourcecode.c.objc; path = ShadowTests.m; sourceTree = "<group>"; };
		7E0702B21EEE060C00084A11 /* Info.plist */ = {isa = PBXFileReference; lastKnownFileType = text.plist.xml; path = Info.plist; sourceTree = "<group>"; };
		7E0702B71EEE060C00084A11 /* ShadowUITests.xctest */ = {isa = PBXFileReference; explicitFileType = wrapper.cfbundle; includeInIndex = 0; path = ShadowUITests.xctest; sourceTree = BUILT_PRODUCTS_DIR; };
		7E0702BB1EEE060C00084A11 /* ShadowUITests.m */ = {isa = PBXFileReference; lastKnownFileType = sourcecode.c.objc; path = ShadowUITests.m; sourceTree = "<group>"; };
		7E0702BD1EEE060C00084A11 /* Info.plist */ = {isa = PBXFileReference; lastKnownFileType = text.plist.xml; path = Info.plist; sourceTree = "<group>"; };
/* End PBXFileReference section */

/* Begin PBXFrameworksBuildPhase section */
		7E0702901EEE060C00084A11 /* Frameworks */ = {
			isa = PBXFrameworksBuildPhase;
			buildActionMask = 2147483647;
			files = (
			);
			runOnlyForDeploymentPostprocessing = 0;
		};
		7E0702A91EEE060C00084A11 /* Frameworks */ = {
			isa = PBXFrameworksBuildPhase;
			buildActionMask = 2147483647;
			files = (
			);
			runOnlyForDeploymentPostprocessing = 0;
		};
		7E0702B41EEE060C00084A11 /* Frameworks */ = {
			isa = PBXFrameworksBuildPhase;
			buildActionMask = 2147483647;
			files = (
			);
			runOnlyForDeploymentPostprocessing = 0;
		};
/* End PBXFrameworksBuildPhase section */

/* Begin PBXGroup section */
		7E07028A1EEE060C00084A11 = {
			isa = PBXGroup;
			children = (
				7E0702951EEE060C00084A11 /* Shadow */,
				7E0702AF1EEE060C00084A11 /* ShadowTests */,
				7E0702BA1EEE060C00084A11 /* ShadowUITests */,
				7E0702941EEE060C00084A11 /* Products */,
			);
			sourceTree = "<group>";
		};
		7E0702941EEE060C00084A11 /* Products */ = {
			isa = PBXGroup;
			children = (
				7E0702931EEE060C00084A11 /* Shadow.app */,
				7E0702AC1EEE060C00084A11 /* ShadowTests.xctest */,
				7E0702B71EEE060C00084A11 /* ShadowUITests.xctest */,
			);
			name = Products;
			sourceTree = "<group>";
		};
		7E0702951EEE060C00084A11 /* Shadow */ = {
			isa = PBXGroup;
			children = (
				7E0702991EEE060C00084A11 /* AppDelegate.h */,
				7E07029A1EEE060C00084A11 /* AppDelegate.m */,
				7E07029C1EEE060C00084A11 /* ViewController.h */,
				7E07029D1EEE060C00084A11 /* ViewController.m */,
				7E07029F1EEE060C00084A11 /* Main.storyboard */,
				7E0702A21EEE060C00084A11 /* Assets.xcassets */,
				7E0702A41EEE060C00084A11 /* LaunchScreen.storyboard */,
				7E0702A71EEE060C00084A11 /* Info.plist */,
				7E0702961EEE060C00084A11 /* Supporting Files */,
			);
			path = Shadow;
			sourceTree = "<group>";
		};
		7E0702961EEE060C00084A11 /* Supporting Files */ = {
			isa = PBXGroup;
			children = (
				7E0702971EEE060C00084A11 /* main.m */,
			);
			name = "Supporting Files";
			sourceTree = "<group>";
		};
		7E0702AF1EEE060C00084A11 /* ShadowTests */ = {
			isa = PBXGroup;
			children = (
				7E0702B01EEE060C00084A11 /* ShadowTests.m */,
				7E0702B21EEE060C00084A11 /* Info.plist */,
			);
			path = ShadowTests;
			sourceTree = "<group>";
		};
		7E0702BA1EEE060C00084A11 /* ShadowUITests */ = {
			isa = PBXGroup;
			children = (
				7E0702BB1EEE060C00084A11 /* ShadowUITests.m */,
				7E0702BD1EEE060C00084A11 /* Info.plist */,
			);
			path = ShadowUITests;
			sourceTree = "<group>";
		};
/* End PBXGroup section */

/* Begin PBXNativeTarget section */
		7E0702921EEE060C00084A11 /* Shadow */ = {
			isa = PBXNativeTarget;
			buildConfigurationList = 7E0702C01EEE060C00084A11 /* Build configuration list for PBXNativeTarget "Shadow" */;
			buildPhases = (
				7E07028F1EEE060C00084A11 /* Sources */,
				7E0702901EEE060C00084A11 /* Frameworks */,
				7E0702911EEE060C00084A11 /* Resources */,
			);
			buildRules = (
			);
			dependencies = (
			);
			name = Shadow;
			productName = Shadow;
			productReference = 7E0702931EEE060C00084A11 /* Shadow.app */;
			productType = "com.apple.product-type.application";
		};
		7E0702AB1EEE060C00084A11 /* ShadowTests */ = {
			isa = PBXNativeTarget;
			buildConfigurationList = 7E0702C31EEE060C00084A11 /* Build configuration list for PBXNativeTarget "ShadowTests" */;
			buildPhases = (
				7E0702A81EEE060C00084A11 /* Sources */,
				7E0702A91EEE060C00084A11 /* Frameworks */,
				7E0702AA1EEE060C00084A11 /* Resources */,
			);
			buildRules = (
			);
			dependencies = (
				7E0702AE1EEE060C00084A11 /* PBXTargetDependency */,
			);
			name = ShadowTests;
			productName = ShadowTests;
			productReference = 7E0702AC1EEE060C00084A11 /* ShadowTests.xctest */;
			productType = "com.apple.product-type.bundle.unit-test";
		};
		7E0702B61EEE060C00084A11 /* ShadowUITests */ = {
			isa = PBXNativeTarget;
			buildConfigurationList = 7E0702C61EEE060C00084A11 /* Build configuration list for PBXNativeTarget "ShadowUITests" */;
			buildPhases = (
				7E0702B31EEE060C00084A11 /* Sources */,
				7E0702B41EEE060C00084A11 /* Frameworks */,
				7E0702B51EEE060C00084A11 /* Resources */,
			);
			buildRules = (
			);
			dependencies = (
				7E0702B91EEE060C00084A11 /* PBXTargetDependency */,
			);
			name = ShadowUITests;
			productName = ShadowUITests;
			productReference = 7E0702B71EEE060C00084A11 /* ShadowUITests.xctest */;
			productType = "com.apple.product-type.bundle.ui-testing";
		};
/* End PBXNativeTarget section */

/* Begin PBXProject section */
		7E07028B1EEE060C00084A11 /* Project object */ = {
			isa = PBXProject;
			attributes = {
				LastUpgradeCheck = 0830;
				ORGANIZATIONNAME = Oreal51;
				TargetAttributes = {
					7E0702921EEE060C00084A11 = {
						CreatedOnToolsVersion = 8.3.2;
						ProvisioningStyle = Automatic;
					};
					7E0702AB1EEE060C00084A11 = {
						CreatedOnToolsVersion = 8.3.2;
						ProvisioningStyle = Automatic;
						TestTargetID = 7E0702921EEE060C00084A11;
					};
					7E0702B61EEE060C00084A11 = {
						CreatedOnToolsVersion = 8.3.2;
						ProvisioningStyle = Automatic;
						TestTargetID = 7E0702921EEE060C00084A11;
					};
				};
			};
			buildConfigurationList = 7E07028E1EEE060C00084A11 /* Build configuration list for PBXProject "Shadow" */;
			compatibilityVersion = "Xcode 3.2";
			developmentRegion = English;
			hasScannedForEncodings = 0;
			knownRegions = (
				en,
				Base,
			);
			mainGroup = 7E07028A1EEE060C00084A11;
			productRefGroup = 7E0702941EEE060C00084A11 /* Products */;
			projectDirPath = "";
			projectRoot = "";
			targets = (
				7E0702921EEE060C00084A11 /* Shadow */,
				7E0702AB1EEE060C00084A11 /* ShadowTests */,
				7E0702B61EEE060C00084A11 /* ShadowUITests */,
			);
		};
/* End PBXProject section */

/* Begin PBXResourcesBuildPhase section */
		7E0702911EEE060C00084A11 /* Resources */ = {
			isa = PBXResourcesBuildPhase;
			buildActionMask = 2147483647;
			files = (
				7E0702A61EEE060C00084A11 /* LaunchScreen.storyboard in Resources */,
				7E0702A31EEE060C00084A11 /* Assets.xcassets in Resources */,
				7E0702A11EEE060C00084A11 /* Main.storyboard in Resources */,
			);
			runOnlyForDeploymentPostprocessing = 0;
		};
		7E0702AA1EEE060C00084A11 /* Resources */ = {
			isa = PBXResourcesBuildPhase;
			buildActionMask = 2147483647;
			files = (
			);
			runOnlyForDeploymentPostprocessing = 0;
		};
		7E0702B51EEE060C00084A11 /* Resources */ = {
			isa = PBXResourcesBuildPhase;
			buildActionMask = 2147483647;
			files = (
			);
			runOnlyForDeploymentPostprocessing = 0;
		};
/* End PBXResourcesBuildPhase section */

/* Begin PBXSourcesBuildPhase section */
		7E07028F1EEE060C00084A11 /* Sources */ = {
			isa = PBXSourcesBuildPhase;
			buildActionMask = 2147483647;
			files = (
				7E07029E1EEE060C00084A11 /* ViewController.m in Sources */,
				7E07029B1EEE060C00084A11 /* AppDelegate.m in Sources */,
				7E0702981EEE060C00084A11 /* main.m in Sources */,
			);
			runOnlyForDeploymentPostprocessing = 0;
		};
		7E0702A81EEE060C00084A11 /* Sources */ = {
			isa = PBXSourcesBuildPhase;
			buildActionMask = 2147483647;
			files = (
				7E0702B11EEE060C00084A11 /* ShadowTests.m in Sources */,
			);
			runOnlyForDeploymentPostprocessing = 0;
		};
		7E0702B31EEE060C00084A11 /* Sources */ = {
			isa = PBXSourcesBuildPhase;
			buildActionMask = 2147483647;
			files = (
				7E0702BC1EEE060C00084A11 /* ShadowUITests.m in Sources */,
			);
			runOnlyForDeploymentPostprocessing = 0;
		};
/* End PBXSourcesBuildPhase section */

/* Begin PBXTargetDependency section */
		7E0702AE1EEE060C00084A11 /* PBXTargetDependency */ = {
			isa = PBXTargetDependency;
			target = 7E0702921EEE060C00084A11 /* Shadow */;
			targetProxy = 7E0702AD1EEE060C00084A11 /* PBXContainerItemProxy */;
		};
		7E0702B91EEE060C00084A11 /* PBXTargetDependency */ = {
			isa = PBXTargetDependency;
			target = 7E0702921EEE060C00084A11 /* Shadow */;
			targetProxy = 7E0702B81EEE060C00084A11 /* PBXContainerItemProxy */;
		};
/* End PBXTargetDependency section */

/* Begin PBXVariantGroup section */
		7E07029F1EEE060C00084A11 /* Main.storyboard */ = {
			isa = PBXVariantGroup;
			children = (
				7E0702A01EEE060C00084A11 /* Base */,
			);
			name = Main.storyboard;
			sourceTree = "<group>";
		};
		7E0702A41EEE060C00084A11 /* LaunchScreen.storyboard */ = {
			isa = PBXVariantGroup;
			children = (
				7E0702A51EEE060C00084A11 /* Base */,
			);
			name = LaunchScreen.storyboard;
			sourceTree = "<group>";
		};
/* End PBXVariantGroup section */

/* Begin XCBuildConfiguration section */
		7E0702BE1EEE060C00084A11 /* Debug */ = {
			isa = XCBuildConfiguration;
			buildSettings = {
				ALWAYS_SEARCH_USER_PATHS = NO;
				CLANG_ANALYZER_NONNULL = YES;
				CLANG_ANALYZER_NUMBER_OBJECT_CONVERSION = YES_AGGRESSIVE;
				CLANG_CXX_LANGUAGE_STANDARD = "gnu++0x";
				CLANG_CXX_LIBRARY = "libc++";
				CLANG_ENABLE_MODULES = YES;
				CLANG_ENABLE_OBJC_ARC = YES;
				CLANG_WARN_BOOL_CONVERSION = YES;
				CLANG_WARN_CONSTANT_CONVERSION = YES;
				CLANG_WARN_DIRECT_OBJC_ISA_USAGE = YES_ERROR;
				CLANG_WARN_DOCUMENTATION_COMMENTS = YES;
				CLANG_WARN_EMPTY_BODY = YES;
				CLANG_WARN_ENUM_CONVERSION = YES;
				CLANG_WARN_INFINITE_RECURSION = YES;
				CLANG_WARN_INT_CONVERSION = YES;
				CLANG_WARN_OBJC_ROOT_CLASS = YES_ERROR;
				CLANG_WARN_SUSPICIOUS_MOVE = YES;
				CLANG_WARN_UNREACHABLE_CODE = YES;
				CLANG_WARN__DUPLICATE_METHOD_MATCH = YES;
				"CODE_SIGN_IDENTITY[sdk=iphoneos*]" = "iPhone Developer";
				COPY_PHASE_STRIP = NO;
				DEBUG_INFORMATION_FORMAT = dwarf;
				ENABLE_STRICT_OBJC_MSGSEND = YES;
				ENABLE_TESTABILITY = YES;
				GCC_C_LANGUAGE_STANDARD = gnu99;
				GCC_DYNAMIC_NO_PIC = NO;
				GCC_NO_COMMON_BLOCKS = YES;
				GCC_OPTIMIZATION_LEVEL = 0;
				GCC_PREPROCESSOR_DEFINITIONS = (
					"DEBUG=1",
					"$(inherited)",
				);
				GCC_WARN_64_TO_32_BIT_CONVERSION = YES;
				GCC_WARN_ABOUT_RETURN_TYPE = YES_ERROR;
				GCC_WARN_UNDECLARED_SELECTOR = YES;
				GCC_WARN_UNINITIALIZED_AUTOS = YES_AGGRESSIVE;
				GCC_WARN_UNUSED_FUNCTION = YES;
				GCC_WARN_UNUSED_VARIABLE = YES;
				IPHONEOS_DEPLOYMENT_TARGET = 10.3;
				MTL_ENABLE_DEBUG_INFO = YES;
				ONLY_ACTIVE_ARCH = YES;
				SDKROOT = iphoneos;
			};
			name = Debug;
		};
		7E0702BF1EEE060C00084A11 /* Release */ = {
			isa = XCBuildConfiguration;
			buildSettings = {
				ALWAYS_SEARCH_USER_PATHS = NO;
				CLANG_ANALYZER_NONNULL = YES;
				CLANG_ANALYZER_NUMBER_OBJECT_CONVERSION = YES_AGGRESSIVE;
				CLANG_CXX_LANGUAGE_STANDARD = "gnu++0x";
				CLANG_CXX_LIBRARY = "libc++";
				CLANG_ENABLE_MODULES = YES;
				CLANG_ENABLE_OBJC_ARC = YES;
				CLANG_WARN_BOOL_CONVERSION = YES;
				CLANG_WARN_CONSTANT_CONVERSION = YES;
				CLANG_WARN_DIRECT_OBJC_ISA_USAGE = YES_ERROR;
				CLANG_WARN_DOCUMENTATION_COMMENTS = YES;
				CLANG_WARN_EMPTY_BODY = YES;
				CLANG_WARN_ENUM_CONVERSION = YES;
				CLANG_WARN_INFINITE_RECURSION = YES;
				CLANG_WARN_INT_CONVERSION = YES;
				CLANG_WARN_OBJC_ROOT_CLASS = YES_ERROR;
				CLANG_WARN_SUSPICIOUS_MOVE = YES;
				CLANG_WARN_UNREACHABLE_CODE = YES;
				CLANG_WARN__DUPLICATE_METHOD_MATCH = YES;
				"CODE_SIGN_IDENTITY[sdk=iphoneos*]" = "iPhone Developer";
				COPY_PHASE_STRIP = NO;
				DEBUG_INFORMATION_FORMAT = "dwarf-with-dsym";
				ENABLE_NS_ASSERTIONS = NO;
				ENABLE_STRICT_OBJC_MSGSEND = YES;
				GCC_C_LANGUAGE_STANDARD = gnu99;
				GCC_NO_COMMON_BLOCKS = YES;
				GCC_WARN_64_TO_32_BIT_CONVERSION = YES;
				GCC_WARN_ABOUT_RETURN_TYPE = YES_ERROR;
				GCC_WARN_UNDECLARED_SELECTOR = YES;
				GCC_WARN_UNINITIALIZED_AUTOS = YES_AGGRESSIVE;
				GCC_WARN_UNUSED_FUNCTION = YES;
				GCC_WARN_UNUSED_VARIABLE = YES;
				IPHONEOS_DEPLOYMENT_TARGET = 10.3;
				MTL_ENABLE_DEBUG_INFO = NO;
				SDKROOT = iphoneos;
				VALIDATE_PRODUCT = YES;
			};
			name = Release;
		};
		7E0702C11EEE060C00084A11 /* Debug */ = {
			isa = XCBuildConfiguration;
			buildSettings = {
				ASSETCATALOG_COMPILER_APPICON_NAME = AppIcon;
				INFOPLIST_FILE = Shadow/Info.plist;
				LD_RUNPATH_SEARCH_PATHS = "$(inherited) @executable_path/Frameworks";
				PRODUCT_BUNDLE_IDENTIFIER = Oreal51.Shadow;
				PRODUCT_NAME = "$(TARGET_NAME)";
			};
			name = Debug;
		};
		7E0702C21EEE060C00084A11 /* Release */ = {
			isa = XCBuildConfiguration;
			buildSettings = {
				ASSETCATALOG_COMPILER_APPICON_NAME = AppIcon;
				INFOPLIST_FILE = Shadow/Info.plist;
				LD_RUNPATH_SEARCH_PATHS = "$(inherited) @executable_path/Frameworks";
				PRODUCT_BUNDLE_IDENTIFIER = Oreal51.Shadow;
				PRODUCT_NAME = "$(TARGET_NAME)";
			};
			name = Release;
		};
		7E0702C41EEE060C00084A11 /* Debug */ = {
			isa = XCBuildConfiguration;
			buildSettings = {
				BUNDLE_LOADER = "$(TEST_HOST)";
				INFOPLIST_FILE = ShadowTests/Info.plist;
				LD_RUNPATH_SEARCH_PATHS = "$(inherited) @executable_path/Frameworks @loader_path/Frameworks";
				PRODUCT_BUNDLE_IDENTIFIER = Oreal51.ShadowTests;
				PRODUCT_NAME = "$(TARGET_NAME)";
				TEST_HOST = "$(BUILT_PRODUCTS_DIR)/Shadow.app/Shadow";
			};
			name = Debug;
		};
		7E0702C51EEE060C00084A11 /* Release */ = {
			isa = XCBuildConfiguration;
			buildSettings = {
				BUNDLE_LOADER = "$(TEST_HOST)";
				INFOPLIST_FILE = ShadowTests/Info.plist;
				LD_RUNPATH_SEARCH_PATHS = "$(inherited) @executable_path/Frameworks @loader_path/Frameworks";
				PRODUCT_BUNDLE_IDENTIFIER = Oreal51.ShadowTests;
				PRODUCT_NAME = "$(TARGET_NAME)";
				TEST_HOST = "$(BUILT_PRODUCTS_DIR)/Shadow.app/Shadow";
			};
			name = Release;
		};
		7E0702C71EEE060C00084A11 /* Debug */ = {
			isa = XCBuildConfiguration;
			buildSettings = {
				INFOPLIST_FILE = ShadowUITests/Info.plist;
				LD_RUNPATH_SEARCH_PATHS = "$(inherited) @executable_path/Frameworks @loader_path/Frameworks";
				PRODUCT_BUNDLE_IDENTIFIER = Oreal51.ShadowUITests;
				PRODUCT_NAME = "$(TARGET_NAME)";
				TEST_TARGET_NAME = Shadow;
			};
			name = Debug;
		};
		7E0702C81EEE060C00084A11 /* Release */ = {
			isa = XCBuildConfiguration;
			buildSettings = {
				INFOPLIST_FILE = ShadowUITests/Info.plist;
				LD_RUNPATH_SEARCH_PATHS = "$(inherited) @executable_path/Frameworks @loader_path/Frameworks";
				PRODUCT_BUNDLE_IDENTIFIER = Oreal51.ShadowUITests;
				PRODUCT_NAME = "$(TARGET_NAME)";
				TEST_TARGET_NAME = Shadow;
			};
			name = Release;
		};
/* End XCBuildConfiguration section */

/* Begin XCConfigurationList section */
		7E07028E1EEE060C00084A11 /* Build configuration list for PBXProject "Shadow" */ = {
			isa = XCConfigurationList;
			buildConfigurations = (
				7E0702BE1EEE060C00084A11 /* Debug */,
				7E0702BF1EEE060C00084A11 /* Release */,
			);
			defaultConfigurationIsVisible = 0;
			defaultConfigurationName = Release;
		};
		7E0702C01EEE060C00084A11 /* Build configuration list for PBXNativeTarget "Shadow" */ = {
			isa = XCConfigurationList;
			buildConfigurations = (
				7E0702C11EEE060C00084A11 /* Debug */,
				7E0702C21EEE060C00084A11 /* Release */,
			);
			defaultConfigurationIsVisible = 0;
		};
		7E0702C31EEE060C00084A11 /* Build configuration list for PBXNativeTarget "ShadowTests" */ = {
			isa = XCConfigurationList;
			buildConfigurations = (
				7E0702C41EEE060C00084A11 /* Debug */,
				7E0702C51EEE060C00084A11 /* Release */,
			);
			defaultConfigurationIsVisible = 0;
		};
		7E0702C61EEE060C00084A11 /* Build configuration list for PBXNativeTarget "ShadowUITests" */ = {
			isa = XCConfigurationList;
			buildConfigurations = (
				7E0702C71EEE060C00084A11 /* Debug */,
				7E0702C81EEE060C00084A11 /* Release */,
			);
			defaultConfigurationIsVisible = 0;
		};
/* End XCConfigurationList section */
	};
	rootObject = 7E07028B1EEE060C00084A11 /* Project object */;
}
